
Microsoft Visual Studio Solution File, Format Version 12.00
# Visual Studio 15
VisualStudioVersion = 15.0.26730.16
MinimumVisualStudioVersion = 10.0.40219.1
Project("{9A19103F-16F7-4668-BE54-9A1E7A4F7556}") = "Super Reduced String", "Super Reduced String\Super Reduced String.csproj", "{D564D203-8589-427E-9AA5-C94C7FDE3225}"
EndProject
Project("{FAE04EC0-301F-11D3-BF4B-00C04F79EFBC}") = "Super Reduced String Test", "Super Reduced String Test\Super Reduced String Test.csproj", "{90283F03-3C04-4453-8809-DB1882FF0A25}"
EndProject
Global
	GlobalSection(SolutionConfigurationPlatforms) = preSolution
		Debug|Any CPU = Debug|Any CPU
		Release|Any CPU = Release|Any CPU
	EndGlobalSection
	GlobalSection(ProjectConfigurationPlatforms) = postSolution
		{D564D203-8589-427E-9AA5-C94C7FDE3225}.Debug|Any CPU.ActiveCfg = Debug|Any CPU
		{D564D203-8589-427E-9AA5-C94C7FDE3225}.Debug|Any CPU.Build.0 = Debug|Any CPU
		{D564D203-8589-427E-9AA5-C94C7FDE3225}.Release|Any CPU.ActiveCfg = Release|Any CPU
		{D564D203-8589-427E-9AA5-C94C7FDE3225}.Release|Any CPU.Build.0 = Release|Any CPU
		{90283F03-3C04-4453-8809-DB1882FF0A25}.Debug|Any CPU.ActiveCfg = Debug|Any CPU
		{90283F03-3C04-4453-8809-DB1882FF0A25}.Debug|Any CPU.Build.0 = Debug|Any CPU
		{90283F03-3C04-4453-8809-DB1882FF0A25}.Release|Any CPU.ActiveCfg = Release|Any CPU
		{90283F03-3C04-4453-8809-DB1882FF0A25}.Release|Any CPU.Build.0 = Release|Any CPU
	EndGlobalSection
	GlobalSection(SolutionProperties) = preSolution
		HideSolutionNode = FALSE
	EndGlobalSection
	GlobalSection(ExtensibilityGlobals) = postSolution
		SolutionGuid = {2BD8DACE-05BB-42CE-935F-52CCB6702B6C}
	EndGlobalSection
EndGlobal
